# This file was autogenerated by Stack.
# You should not edit this file by hand.
# For more information, please see the documentation at:
#   https://docs.haskellstack.org/en/stable/lock_files

packages: []
snapshots:
- completed:
    size: 531674
    url: https://raw.githubusercontent.com/commercialhaskell/stackage-snapshots/master/lts/16/2.yaml
    sha256: 4b08fb9338ca297de7ade8318f4be1216f14dff8c0426c001fb7886ee88cb84a
  original: lts-16.2
