# This file was autogenerated by Stack.
# You should not edit this file by hand.
# For more information, please see the documentation at:
#   https://docs.haskellstack.org/en/stable/lock_files

packages: []
snapshots:
- completed:
    size: 618740
    url: https://raw.githubusercontent.com/commercialhaskell/stackage-snapshots/master/lts/19/13.yaml
    sha256: ef98d70e4018bf01feb00ccdcd33ab26d056dbb71b38057c78fdd0d1ec671c85
  original: lts-19.13
